
Microsoft Visual Studio Solution File, Format Version 12.00
# Visual Studio Version 16
VisualStudioVersion = 16.0.31911.196
MinimumVisualStudioVersion = 10.0.40219.1
Project("{9A19103F-16F7-4668-BE54-9A1E7A4F7556}") = "portifolio_mediador_multifront", "portifolio_mediador_multifront.csproj", "{7AD2FF54-2931-40BD-9F83-490646B67938}"
EndProject
Project("{FAE04EC0-301F-11D3-BF4B-00C04F79EFBC}") = "windows_form_ui", "..\windows_form_ui\windows_form_ui.csproj", "{CD120312-BC01-4A95-9310-74377E78FB28}"
EndProject
Global
	GlobalSection(SolutionConfigurationPlatforms) = preSolution
		Debug|Any CPU = Debug|Any CPU
		Release|Any CPU = Release|Any CPU
	EndGlobalSection
	GlobalSection(ProjectConfigurationPlatforms) = postSolution
		{7AD2FF54-2931-40BD-9F83-490646B67938}.Debug|Any CPU.ActiveCfg = Debug|Any CPU
		{7AD2FF54-2931-40BD-9F83-490646B67938}.Debug|Any CPU.Build.0 = Debug|Any CPU
		{7AD2FF54-2931-40BD-9F83-490646B67938}.Release|Any CPU.ActiveCfg = Release|Any CPU
		{7AD2FF54-2931-40BD-9F83-490646B67938}.Release|Any CPU.Build.0 = Release|Any CPU
		{CD120312-BC01-4A95-9310-74377E78FB28}.Debug|Any CPU.ActiveCfg = Debug|Any CPU
		{CD120312-BC01-4A95-9310-74377E78FB28}.Debug|Any CPU.Build.0 = Debug|Any CPU
		{CD120312-BC01-4A95-9310-74377E78FB28}.Release|Any CPU.ActiveCfg = Release|Any CPU
		{CD120312-BC01-4A95-9310-74377E78FB28}.Release|Any CPU.Build.0 = Release|Any CPU
	EndGlobalSection
	GlobalSection(SolutionProperties) = preSolution
		HideSolutionNode = FALSE
	EndGlobalSection
	GlobalSection(ExtensibilityGlobals) = postSolution
		SolutionGuid = {1EF7379E-33FF-47B2-844D-959051CBE2EB}
	EndGlobalSection
EndGlobal
